lockfileVersion: '9.0'

settings:
  autoInstallPeers: true
  excludeLinksFromLockfile: false

importers:

  .:
    dependencies:
      chroma-js:
        specifier: ^3.2.0
        version: 3.2.0
    devDependencies:
      '@types/chroma-js':
        specifier: ^3.1.2
        version: 3.1.2

packages:

  '@types/chroma-js@3.1.2':
    resolution: {integrity: sha512-YBTQqArPN8A0niHXCwrO1z5x++a+6l0mLBykncUpr23oIPW7L4h39s6gokdK/bDrPmSh8+TjMmrhBPnyiaWPmQ==}

  chroma-js@3.2.0:
    resolution: {integrity: sha512-os/OippSlX1RlWWr+QDPcGUZs0uoqr32urfxESG9U93lhUfbnlyckte84Q8P1UQY/qth983AS1JONKmLS4T0nw==}

snapshots:

  '@types/chroma-js@3.1.2': {}

  chroma-js@3.2.0: {}
